// !$*UTF8*$!
{
	archiveVersion = 1;
	classes = {
	};
	objectVersion = 50;
	objects = {

/* Begin PBXBuildFile section */
		47048BB1EDB5B7E92F96EC43 /* Pods_FlixTests.framework in Frameworks */ = {isa = PBXBuildFile; fileRef = 86848B4CD789FCC2A1EC48AE /* Pods_FlixTests.framework */; };
		6CBAD7CFE7DA0F95802C45C2 /* Pods_Flix.framework in Frameworks */ = {isa = PBXBuildFile; fileRef = 7397C544A53BC93162B894BA /* Pods_Flix.framework */; };
		855E4AECD71175474780DEBB /* Pods_FlixUITests.framework in Frameworks */ = {isa = PBXBuildFile; fileRef = 613BB57E665BFFC2465A2F21 /* Pods_FlixUITests.framework */; };
		FB112C582220E66D00697E6C /* MoviesViewController.swift in Sources */ = {isa = PBXBuildFile; fileRef = FB112C572220E66D00697E6C /* MoviesViewController.swift */; };
		FB112C5A2220F89300697E6C /* MovieCell.swift in Sources */ = {isa = PBXBuildFile; fileRef = FB112C592220F89300697E6C /* MovieCell.swift */; };
		FB135357222C0A46007E5103 /* MovieDetailsViewController.swift in Sources */ = {isa = PBXBuildFile; fileRef = FB135356222C0A46007E5103 /* MovieDetailsViewController.swift */; };
		FB135359222C1179007E5103 /* MovieGridViewController.swift in Sources */ = {isa = PBXBuildFile; fileRef = FB135358222C1179007E5103 /* MovieGridViewController.swift */; };
		FB13535D222C1521007E5103 /* MovieGridCell.swift in Sources */ = {isa = PBXBuildFile; fileRef = FB13535C222C1521007E5103 /* MovieGridCell.swift */; };
		FBDFE6272220DDA500771AC1 /* AppDelegate.swift in Sources */ = {isa = PBXBuildFile; fileRef = FBDFE6262220DDA500771AC1 /* AppDelegate.swift */; };
		FBDFE62C2220DDA500771AC1 /* Main.storyboard in Resources */ = {isa = PBXBuildFile; fileRef = FBDFE62A2220DDA500771AC1 /* Main.storyboard */; };
		FBDFE62E2220DDA600771AC1 /* Assets.xcassets in Resources */ = {isa = PBXBuildFile; fileRef = FBDFE62D2220DDA600771AC1 /* Assets.xcassets */; };
		FBDFE6312220DDA600771AC1 /* LaunchScreen.storyboard in Resources */ = {isa = PBXBuildFile; fileRef = FBDFE62F2220DDA600771AC1 /* LaunchScreen.storyboard */; };
		FBDFE63C2220DDA600771AC1 /* FlixTests.swift in Sources */ = {isa = PBXBuildFile; fileRef = FBDFE63B2220DDA600771AC1 /* FlixTests.swift */; };
		FBDFE6472220DDA600771AC1 /* FlixUITests.swift in Sources */ = {isa = PBXBuildFile; fileRef = FBDFE6462220DDA600771AC1 /* FlixUITests.swift */; };
/* End PBXBuildFile section */

/* Begin PBXContainerItemProxy section */
		FBDFE6382220DDA600771AC1 /* PBXContainerItemProxy */ = {
			isa = PBXContainerItemProxy;
			containerPortal = FBDFE61B2220DDA500771AC1 /* Project object */;
			proxyType = 1;
			remoteGlobalIDString = FBDFE6222220DDA500771AC1;
			remoteInfo = Flix;
		};
		FBDFE6432220DDA600771AC1 /* PBXContainerItemProxy */ = {
			isa = PBXContainerItemProxy;
			containerPortal = FBDFE61B2220DDA500771AC1 /* Project object */;
			proxyType = 1;
			remoteGlobalIDString = FBDFE6222220DDA500771AC1;
			remoteInfo = Flix;
		};
/* End PBXContainerItemProxy section */

/* Begin PBXFileReference section */
		31E74C808849F00AEAFCAE72 /* Pods-FlixUITests.debug.xcconfig */ = {isa = PBXFileReference; includeInIndex = 1; lastKnownFileType = text.xcconfig; name = "Pods-FlixUITests.debug.xcconfig"; path = "Pods/Target Support Files/Pods-FlixUITests/Pods-FlixUITests.debug.xcconfig"; sourceTree = "<group>"; };
		613BB57E665BFFC2465A2F21 /* Pods_FlixUITests.framework */ = {isa = PBXFileReference; explicitFileType = wrapper.framework; includeInIndex = 0; path = Pods_FlixUITests.framework; sourceTree = BUILT_PRODUCTS_DIR; };
		6CA236570B2A340733C64D54 /* Pods-Flix.release.xcconfig */ = {isa = PBXFileReference; includeInIndex = 1; lastKnownFileType = text.xcconfig; name = "Pods-Flix.release.xcconfig"; path = "Pods/Target Support Files/Pods-Flix/Pods-Flix.release.xcconfig"; sourceTree = "<group>"; };
		7397C544A53BC93162B894BA /* Pods_Flix.framework */ = {isa = PBXFileReference; explicitFileType = wrapper.framework; includeInIndex = 0; path = Pods_Flix.framework; sourceTree = BUILT_PRODUCTS_DIR; };
		86848B4CD789FCC2A1EC48AE /* Pods_FlixTests.framework */ = {isa = PBXFileReference; explicitFileType = wrapper.framework; includeInIndex = 0; path = Pods_FlixTests.framework; sourceTree = BUILT_PRODUCTS_DIR; };
		868AFBB1B61EAF2CE6D4CE93 /* Pods-Flix.debug.xcconfig */ = {isa = PBXFileReference; includeInIndex = 1; lastKnownFileType = text.xcconfig; name = "Pods-Flix.debug.xcconfig"; path = "Pods/Target Support Files/Pods-Flix/Pods-Flix.debug.xcconfig"; sourceTree = "<group>"; };
		986D77B235D5BA11B4C01AAA /* Pods-FlixTests.release.xcconfig */ = {isa = PBXFileReference; includeInIndex = 1; lastKnownFileType = text.xcconfig; name = "Pods-FlixTests.release.xcconfig"; path = "Pods/Target Support Files/Pods-FlixTests/Pods-FlixTests.release.xcconfig"; sourceTree = "<group>"; };
		BAF714C6D52AA4892719168A /* Pods-FlixTests.debug.xcconfig */ = {isa = PBXFileReference; includeInIndex = 1; lastKnownFileType = text.xcconfig; name = "Pods-FlixTests.debug.xcconfig"; path = "Pods/Target Support Files/Pods-FlixTests/Pods-FlixTests.debug.xcconfig"; sourceTree = "<group>"; };
		C4412D4D8B76C4F1E5482395 /* Pods-FlixUITests.release.xcconfig */ = {isa = PBXFileReference; includeInIndex = 1; lastKnownFileType = text.xcconfig; name = "Pods-FlixUITests.release.xcconfig"; path = "Pods/Target Support Files/Pods-FlixUITests/Pods-FlixUITests.release.xcconfig"; sourceTree = "<group>"; };
		FB112C572220E66D00697E6C /* MoviesViewController.swift */ = {isa = PBXFileReference; lastKnownFileType = sourcecode.swift; path = MoviesViewController.swift; sourceTree = "<group>"; };
		FB112C592220F89300697E6C /* MovieCell.swift */ = {isa = PBXFileReference; lastKnownFileType = sourcecode.swift; path = MovieCell.swift; sourceTree = "<group>"; };
		FB135356222C0A46007E5103 /* MovieDetailsViewController.swift */ = {isa = PBXFileReference; lastKnownFileType = sourcecode.swift; path = MovieDetailsViewController.swift; sourceTree = "<group>"; };
		FB135358222C1179007E5103 /* MovieGridViewController.swift */ = {isa = PBXFileReference; lastKnownFileType = sourcecode.swift; path = MovieGridViewController.swift; sourceTree = "<group>"; };
		FB13535C222C1521007E5103 /* MovieGridCell.swift */ = {isa = PBXFileReference; lastKnownFileType = sourcecode.swift; path = MovieGridCell.swift; sourceTree = "<group>"; };
		FBDFE6232220DDA500771AC1 /* Flix.app */ = {isa = PBXFileReference; explicitFileType = wrapper.application; includeInIndex = 0; path = Flix.app; sourceTree = BUILT_PRODUCTS_DIR; };
		FBDFE6262220DDA500771AC1 /* AppDelegate.swift */ = {isa = PBXFileReference; lastKnownFileType = sourcecode.swift; path = AppDelegate.swift; sourceTree = "<group>"; };
		FBDFE62B2220DDA500771AC1 /* Base */ = {isa = PBXFileReference; lastKnownFileType = file.storyboard; name = Base; path = Base.lproj/Main.storyboard; sourceTree = "<group>"; };
		FBDFE62D2220DDA600771AC1 /* Assets.xcassets */ = {isa = PBXFileReference; lastKnownFileType = folder.assetcatalog; path = Assets.xcassets; sourceTree = "<group>"; };
		FBDFE6302220DDA600771AC1 /* Base */ = {isa = PBXFileReference; lastKnownFileType = file.storyboard; name = Base; path = Base.lproj/LaunchScreen.storyboard; sourceTree = "<group>"; };
		FBDFE6322220DDA600771AC1 /* Info.plist */ = {isa = PBXFileReference; lastKnownFileType = text.plist.xml; path = Info.plist; sourceTree = "<group>"; };
		FBDFE6372220DDA600771AC1 /* FlixTests.xctest */ = {isa = PBXFileReference; explicitFileType = wrapper.cfbundle; includeInIndex = 0; path = FlixTests.xctest; sourceTree = BUILT_PRODUCTS_DIR; };
		FBDFE63B2220DDA600771AC1 /* FlixTests.swift */ = {isa = PBXFileReference; lastKnownFileType = sourcecode.swift; path = FlixTests.swift; sourceTree = "<group>"; };
		FBDFE63D2220DDA600771AC1 /* Info.plist */ = {isa = PBXFileReference; lastKnownFileType = text.plist.xml; path = Info.plist; sourceTree = "<group>"; };
		FBDFE6422220DDA600771AC1 /* FlixUITests.xctest */ = {isa = PBXFileReference; explicitFileType = wrapper.cfbundle; includeInIndex = 0; path = FlixUITests.xctest; sourceTree = BUILT_PRODUCTS_DIR; };
		FBDFE6462220DDA600771AC1 /* FlixUITests.swift */ = {isa = PBXFileReference; lastKnownFileType = sourcecode.swift; path = FlixUITests.swift; sourceTree = "<group>"; };
		FBDFE6482220DDA600771AC1 /* Info.plist */ = {isa = PBXFileReference; lastKnownFileType = text.plist.xml; path = Info.plist; sourceTree = "<group>"; };
/* End PBXFileReference section */

/* Begin PBXFrameworksBuildPhase section */
		FBDFE6202220DDA500771AC1 /* Frameworks */ = {
			isa = PBXFrameworksBuildPhase;
			buildActionMask = 2147483647;
			files = (
				6CBAD7CFE7DA0F95802C45C2 /* Pods_Flix.framework in Frameworks */,
			);
			runOnlyForDeploymentPostprocessing = 0;
		};
		FBDFE6342220DDA600771AC1 /* Frameworks */ = {
			isa = PBXFrameworksBuildPhase;
			buildActionMask = 2147483647;
			files = (
				47048BB1EDB5B7E92F96EC43 /* Pods_FlixTests.framework in Frameworks */,
			);
			runOnlyForDeploymentPostprocessing = 0;
		};
		FBDFE63F2220DDA600771AC1 /* Frameworks */ = {
			isa = PBXFrameworksBuildPhase;
			buildActionMask = 2147483647;
			files = (
				855E4AECD71175474780DEBB /* Pods_FlixUITests.framework in Frameworks */,
			);
			runOnlyForDeploymentPostprocessing = 0;
		};
/* End PBXFrameworksBuildPhase section */

/* Begin PBXGroup section */
		01516EA3505306FD96C77095 /* Frameworks */ = {
			isa = PBXGroup;
			children = (
				7397C544A53BC93162B894BA /* Pods_Flix.framework */,
				86848B4CD789FCC2A1EC48AE /* Pods_FlixTests.framework */,
				613BB57E665BFFC2465A2F21 /* Pods_FlixUITests.framework */,
			);
			name = Frameworks;
			sourceTree = "<group>";
		};
		0CF04B33F6C60DCC69CC74BB /* Pods */ = {
			isa = PBXGroup;
			children = (
				868AFBB1B61EAF2CE6D4CE93 /* Pods-Flix.debug.xcconfig */,
				6CA236570B2A340733C64D54 /* Pods-Flix.release.xcconfig */,
				BAF714C6D52AA4892719168A /* Pods-FlixTests.debug.xcconfig */,
				986D77B235D5BA11B4C01AAA /* Pods-FlixTests.release.xcconfig */,
				31E74C808849F00AEAFCAE72 /* Pods-FlixUITests.debug.xcconfig */,
				C4412D4D8B76C4F1E5482395 /* Pods-FlixUITests.release.xcconfig */,
			);
			name = Pods;
			sourceTree = "<group>";
		};
		FBDFE61A2220DDA500771AC1 = {
			isa = PBXGroup;
			children = (
				FBDFE6252220DDA500771AC1 /* Flix */,
				FBDFE63A2220DDA600771AC1 /* FlixTests */,
				FBDFE6452220DDA600771AC1 /* FlixUITests */,
				FBDFE6242220DDA500771AC1 /* Products */,
				0CF04B33F6C60DCC69CC74BB /* Pods */,
				01516EA3505306FD96C77095 /* Frameworks */,
			);
			sourceTree = "<group>";
		};
		FBDFE6242220DDA500771AC1 /* Products */ = {
			isa = PBXGroup;
			children = (
				FBDFE6232220DDA500771AC1 /* Flix.app */,
				FBDFE6372220DDA600771AC1 /* FlixTests.xctest */,
				FBDFE6422220DDA600771AC1 /* FlixUITests.xctest */,
			);
			name = Products;
			sourceTree = "<group>";
		};
		FBDFE6252220DDA500771AC1 /* Flix */ = {
			isa = PBXGroup;
			children = (
				FB112C572220E66D00697E6C /* MoviesViewController.swift */,
				FB135356222C0A46007E5103 /* MovieDetailsViewController.swift */,
				FB112C592220F89300697E6C /* MovieCell.swift */,
				FB135358222C1179007E5103 /* MovieGridViewController.swift */,
				FB13535C222C1521007E5103 /* MovieGridCell.swift */,
				FBDFE6262220DDA500771AC1 /* AppDelegate.swift */,
				FBDFE62A2220DDA500771AC1 /* Main.storyboard */,
				FBDFE62D2220DDA600771AC1 /* Assets.xcassets */,
				FBDFE62F2220DDA600771AC1 /* LaunchScreen.storyboard */,
				FBDFE6322220DDA600771AC1 /* Info.plist */,
			);
			path = Flix;
			sourceTree = "<group>";
		};
		FBDFE63A2220DDA600771AC1 /* FlixTests */ = {
			isa = PBXGroup;
			children = (
				FBDFE63B2220DDA600771AC1 /* FlixTests.swift */,
				FBDFE63D2220DDA600771AC1 /* Info.plist */,
			);
			path = FlixTests;
			sourceTree = "<group>";
		};
		FBDFE6452220DDA600771AC1 /* FlixUITests */ = {
			isa = PBXGroup;
			children = (
				FBDFE6462220DDA600771AC1 /* FlixUITests.swift */,
				FBDFE6482220DDA600771AC1 /* Info.plist */,
			);
			path = FlixUITests;
			sourceTree = "<group>";
		};
/* End PBXGroup section */

/* Begin PBXNativeTarget section */
		FBDFE6222220DDA500771AC1 /* Flix */ = {
			isa = PBXNativeTarget;
			buildConfigurationList = FBDFE64B2220DDA600771AC1 /* Build configuration list for PBXNativeTarget "Flix" */;
			buildPhases = (
				B82D4AB9AAEB58BE725AD2EE /* [CP] Check Pods Manifest.lock */,
				FBDFE61F2220DDA500771AC1 /* Sources */,
				FBDFE6202220DDA500771AC1 /* Frameworks */,
				FBDFE6212220DDA500771AC1 /* Resources */,
				1B9DA2C27336776C4DEBA117 /* [CP] Embed Pods Frameworks */,
			);
			buildRules = (
			);
			dependencies = (
			);
			name = Flix;
			productName = Flix;
			productReference = FBDFE6232220DDA500771AC1 /* Flix.app */;
			productType = "com.apple.product-type.application";
		};
		FBDFE6362220DDA600771AC1 /* FlixTests */ = {
			isa = PBXNativeTarget;
			buildConfigurationList = FBDFE64E2220DDA600771AC1 /* Build configuration list for PBXNativeTarget "FlixTests" */;
			buildPhases = (
				0777612954BA7AF4F2FD45FE /* [CP] Check Pods Manifest.lock */,
				FBDFE6332220DDA600771AC1 /* Sources */,
				FBDFE6342220DDA600771AC1 /* Frameworks */,
				FBDFE6352220DDA600771AC1 /* Resources */,
			);
			buildRules = (
			);
			dependencies = (
				FBDFE6392220DDA600771AC1 /* PBXTargetDependency */,
			);
			name = FlixTests;
			productName = FlixTests;
			productReference = FBDFE6372220DDA600771AC1 /* FlixTests.xctest */;
			productType = "com.apple.product-type.bundle.unit-test";
		};
		FBDFE6412220DDA600771AC1 /* FlixUITests */ = {
			isa = PBXNativeTarget;
			buildConfigurationList = FBDFE6512220DDA600771AC1 /* Build configuration list for PBXNativeTarget "FlixUITests" */;
			buildPhases = (
				395463D063EDC665DD8DA857 /* [CP] Check Pods Manifest.lock */,
				FBDFE63E2220DDA600771AC1 /* Sources */,
				FBDFE63F2220DDA600771AC1 /* Frameworks */,
				FBDFE6402220DDA600771AC1 /* Resources */,
			);
			buildRules = (
			);
			dependencies = (
				FBDFE6442220DDA600771AC1 /* PBXTargetDependency */,
			);
			name = FlixUITests;
			productName = FlixUITests;
			productReference = FBDFE6422220DDA600771AC1 /* FlixUITests.xctest */;
			productType = "com.apple.product-type.bundle.ui-testing";
		};
/* End PBXNativeTarget section */

/* Begin PBXProject section */
		FBDFE61B2220DDA500771AC1 /* Project object */ = {
			isa = PBXProject;
			attributes = {
				LastSwiftUpdateCheck = 1010;
				LastUpgradeCheck = 1010;
				ORGANIZATIONNAME = "New York University";
				TargetAttributes = {
					FBDFE6222220DDA500771AC1 = {
						CreatedOnToolsVersion = 10.1;
					};
					FBDFE6362220DDA600771AC1 = {
						CreatedOnToolsVersion = 10.1;
						TestTargetID = FBDFE6222220DDA500771AC1;
					};
					FBDFE6412220DDA600771AC1 = {
						CreatedOnToolsVersion = 10.1;
						TestTargetID = FBDFE6222220DDA500771AC1;
					};
				};
			};
			buildConfigurationList = FBDFE61E2220DDA500771AC1 /* Build configuration list for PBXProject "Flix" */;
			compatibilityVersion = "Xcode 9.3";
			developmentRegion = en;
			hasScannedForEncodings = 0;
			knownRegions = (
				en,
				Base,
			);
			mainGroup = FBDFE61A2220DDA500771AC1;
			productRefGroup = FBDFE6242220DDA500771AC1 /* Products */;
			projectDirPath = "";
			projectRoot = "";
			targets = (
				FBDFE6222220DDA500771AC1 /* Flix */,
				FBDFE6362220DDA600771AC1 /* FlixTests */,
				FBDFE6412220DDA600771AC1 /* FlixUITests */,
			);
		};
/* End PBXProject section */

/* Begin PBXResourcesBuildPhase section */
		FBDFE6212220DDA500771AC1 /* Resources */ = {
			isa = PBXResourcesBuildPhase;
			buildActionMask = 2147483647;
			files = (
				FBDFE6312220DDA600771AC1 /* LaunchScreen.storyboard in Resources */,
				FBDFE62E2220DDA600771AC1 /* Assets.xcassets in Resources */,
				FBDFE62C2220DDA500771AC1 /* Main.storyboard in Resources */,
			);
			runOnlyForDeploymentPostprocessing = 0;
		};
		FBDFE6352220DDA600771AC1 /* Resources */ = {
			isa = PBXResourcesBuildPhase;
			buildActionMask = 2147483647;
			files = (
			);
			runOnlyForDeploymentPostprocessing = 0;
		};
		FBDFE6402220DDA600771AC1 /* Resources */ = {
			isa = PBXResourcesBuildPhase;
			buildActionMask = 2147483647;
			files = (
			);
			runOnlyForDeploymentPostprocessing = 0;
		};
/* End PBXResourcesBuildPhase section */

/* Begin PBXShellScriptBuildPhase section */
		0777612954BA7AF4F2FD45FE /* [CP] Check Pods Manifest.lock */ = {
			isa = PBXShellScriptBuildPhase;
			buildActionMask = 2147483647;
			files = (
			);
			inputFileListPaths = (
			);
			inputPaths = (
				"${PODS_PODFILE_DIR_PATH}/Podfile.lock",
				"${PODS_ROOT}/Manifest.lock",
			);
			name = "[CP] Check Pods Manifest.lock";
			outputFileListPaths = (
			);
			outputPaths = (
				"$(DERIVED_FILE_DIR)/Pods-FlixTests-checkManifestLockResult.txt",
			);
			runOnlyForDeploymentPostprocessing = 0;
			shellPath = /bin/sh;
			shellScript = "diff \"${PODS_PODFILE_DIR_PATH}/Podfile.lock\" \"${PODS_ROOT}/Manifest.lock\" > /dev/null\nif [ $? != 0 ] ; then\n    # print error to STDERR\n    echo \"error: The sandbox is not in sync with the Podfile.lock. Run 'pod install' or update your CocoaPods installation.\" >&2\n    exit 1\nfi\n# This output is used by Xcode 'outputs' to avoid re-running this script phase.\necho \"SUCCESS\" > \"${SCRIPT_OUTPUT_FILE_0}\"\n";
			showEnvVarsInLog = 0;
		};
		1B9DA2C27336776C4DEBA117 /* [CP] Embed Pods Frameworks */ = {
			isa = PBXShellScriptBuildPhase;
			buildActionMask = 2147483647;
			files = (
			);
			inputFileListPaths = (
			);
			inputPaths = (
				"${SRCROOT}/Pods/Target Support Files/Pods-Flix/Pods-Flix-frameworks.sh",
				"${BUILT_PRODUCTS_DIR}/Alamofire/Alamofire.framework",
				"${BUILT_PRODUCTS_DIR}/AlamofireImage/AlamofireImage.framework",
			);
			name = "[CP] Embed Pods Frameworks";
			outputFileListPaths = (
			);
			outputPaths = (
				"${TARGET_BUILD_DIR}/${FRAMEWORKS_FOLDER_PATH}/Alamofire.framework",
				"${TARGET_BUILD_DIR}/${FRAMEWORKS_FOLDER_PATH}/AlamofireImage.framework",
			);
			runOnlyForDeploymentPostprocessing = 0;
			shellPath = /bin/sh;
			shellScript = "\"${SRCROOT}/Pods/Target Support Files/Pods-Flix/Pods-Flix-frameworks.sh\"\n";
			showEnvVarsInLog = 0;
		};
		395463D063EDC665DD8DA857 /* [CP] Check Pods Manifest.lock */ = {
			isa = PBXShellScriptBuildPhase;
			buildActionMask = 2147483647;
			files = (
			);
			inputFileListPaths = (
			);
			inputPaths = (
				"${PODS_PODFILE_DIR_PATH}/Podfile.lock",
				"${PODS_ROOT}/Manifest.lock",
			);
			name = "[CP] Check Pods Manifest.lock";
			outputFileListPaths = (
			);
			outputPaths = (
				"$(DERIVED_FILE_DIR)/Pods-FlixUITests-checkManifestLockResult.txt",
			);
			runOnlyForDeploymentPostprocessing = 0;
			shellPath = /bin/sh;
			shellScript = "diff \"${PODS_PODFILE_DIR_PATH}/Podfile.lock\" \"${PODS_ROOT}/Manifest.lock\" > /dev/null\nif [ $? != 0 ] ; then\n    # print error to STDERR\n    echo \"error: The sandbox is not in sync with the Podfile.lock. Run 'pod install' or update your CocoaPods installation.\" >&2\n    exit 1\nfi\n# This output is used by Xcode 'outputs' to avoid re-running this script phase.\necho \"SUCCESS\" > \"${SCRIPT_OUTPUT_FILE_0}\"\n";
			showEnvVarsInLog = 0;
		};
		B82D4AB9AAEB58BE725AD2EE /* [CP] Check Pods Manifest.lock */ = {
			isa = PBXShellScriptBuildPhase;
			buildActionMask = 2147483647;
			files = (
			);
			inputFileListPaths = (
			);
			inputPaths = (
				"${PODS_PODFILE_DIR_PATH}/Podfile.lock",
				"${PODS_ROOT}/Manifest.lock",
			);
			name = "[CP] Check Pods Manifest.lock";
			outputFileListPaths = (
			);
			outputPaths = (
				"$(DERIVED_FILE_DIR)/Pods-Flix-checkManifestLockResult.txt",
			);
			runOnlyForDeploymentPostprocessing = 0;
			shellPath = /bin/sh;
			shellScript = "diff \"${PODS_PODFILE_DIR_PATH}/Podfile.lock\" \"${PODS_ROOT}/Manifest.lock\" > /dev/null\nif [ $? != 0 ] ; then\n    # print error to STDERR\n    echo \"error: The sandbox is not in sync with the Podfile.lock. Run 'pod install' or update your CocoaPods installation.\" >&2\n    exit 1\nfi\n# This output is used by Xcode 'outputs' to avoid re-running this script phase.\necho \"SUCCESS\" > \"${SCRIPT_OUTPUT_FILE_0}\"\n";
			showEnvVarsInLog = 0;
		};
/* End PBXShellScriptBuildPhase section */

/* Begin PBXSourcesBuildPhase section */
		FBDFE61F2220DDA500771AC1 /* Sources */ = {
			isa = PBXSourcesBuildPhase;
			buildActionMask = 2147483647;
			files = (
				FB135359222C1179007E5103 /* MovieGridViewController.swift in Sources */,
				FB135357222C0A46007E5103 /* MovieDetailsViewController.swift in Sources */,
				FBDFE6272220DDA500771AC1 /* AppDelegate.swift in Sources */,
				FB112C582220E66D00697E6C /* MoviesViewController.swift in Sources */,
				FB13535D222C1521007E5103 /* MovieGridCell.swift in Sources */,
				FB112C5A2220F89300697E6C /* MovieCell.swift in Sources */,
			);
			runOnlyForDeploymentPostprocessing = 0;
		};
		FBDFE6332220DDA600771AC1 /* Sources */ = {
			isa = PBXSourcesBuildPhase;
			buildActionMask = 2147483647;
			files = (
				FBDFE63C2220DDA600771AC1 /* FlixTests.swift in Sources */,
			);
			runOnlyForDeploymentPostprocessing = 0;
		};
		FBDFE63E2220DDA600771AC1 /* Sources */ = {
			isa = PBXSourcesBuildPhase;
			buildActionMask = 2147483647;
			files = (
				FBDFE6472220DDA600771AC1 /* FlixUITests.swift in Sources */,
			);
			runOnlyForDeploymentPostprocessing = 0;
		};
/* End PBXSourcesBuildPhase section */

/* Begin PBXTargetDependency section */
		FBDFE6392220DDA600771AC1 /* PBXTargetDependency */ = {
			isa = PBXTargetDependency;
			target = FBDFE6222220DDA500771AC1 /* Flix */;
			targetProxy = FBDFE6382220DDA600771AC1 /* PBXContainerItemProxy */;
		};
		FBDFE6442220DDA600771AC1 /* PBXTargetDependency */ = {
			isa = PBXTargetDependency;
			target = FBDFE6222220DDA500771AC1 /* Flix */;
			targetProxy = FBDFE6432220DDA600771AC1 /* PBXContainerItemProxy */;
		};
/* End PBXTargetDependency section */

/* Begin PBXVariantGroup section */
		FBDFE62A2220DDA500771AC1 /* Main.storyboard */ = {
			isa = PBXVariantGroup;
			children = (
				FBDFE62B2220DDA500771AC1 /* Base */,
			);
			name = Main.storyboard;
			sourceTree = "<group>";
		};
		FBDFE62F2220DDA600771AC1 /* LaunchScreen.storyboard */ = {
			isa = PBXVariantGroup;
			children = (
				FBDFE6302220DDA600771AC1 /* Base */,
			);
			name = LaunchScreen.storyboard;
			sourceTree = "<group>";
		};
/* End PBXVariantGroup section */

/* Begin XCBuildConfiguration section */
		FBDFE6492220DDA600771AC1 /* Debug */ = {
			isa = XCBuildConfiguration;
			buildSettings = {
				ALWAYS_SEARCH_USER_PATHS = NO;
				CLANG_ANALYZER_NONNULL = YES;
				CLANG_ANALYZER_NUMBER_OBJECT_CONVERSION = YES_AGGRESSIVE;
				CLANG_CXX_LANGUAGE_STANDARD = "gnu++14";
				CLANG_CXX_LIBRARY = "libc++";
				CLANG_ENABLE_MODULES = YES;
				CLANG_ENABLE_OBJC_ARC = YES;
				CLANG_ENABLE_OBJC_WEAK = YES;
				CLANG_WARN_BLOCK_CAPTURE_AUTORELEASING = YES;
				CLANG_WARN_BOOL_CONVERSION = YES;
				CLANG_WARN_COMMA = YES;
				CLANG_WARN_CONSTANT_CONVERSION = YES;
				CLANG_WARN_DEPRECATED_OBJC_IMPLEMENTATIONS = YES;
				CLANG_WARN_DIRECT_OBJC_ISA_USAGE = YES_ERROR;
				CLANG_WARN_DOCUMENTATION_COMMENTS = YES;
				CLANG_WARN_EMPTY_BODY = YES;
				CLANG_WARN_ENUM_CONVERSION = YES;
				CLANG_WARN_INFINITE_RECURSION = YES;
				CLANG_WARN_INT_CONVERSION = YES;
				CLANG_WARN_NON_LITERAL_NULL_CONVERSION = YES;
				CLANG_WARN_OBJC_IMPLICIT_RETAIN_SELF = YES;
				CLANG_WARN_OBJC_LITERAL_CONVERSION = YES;
				CLANG_WARN_OBJC_ROOT_CLASS = YES_ERROR;
				CLANG_WARN_RANGE_LOOP_ANALYSIS = YES;
				CLANG_WARN_STRICT_PROTOTYPES = YES;
				CLANG_WARN_SUSPICIOUS_MOVE = YES;
				CLANG_WARN_UNGUARDED_AVAILABILITY = YES_AGGRESSIVE;
				CLANG_WARN_UNREACHABLE_CODE = YES;
				CLANG_WARN__DUPLICATE_METHOD_MATCH = YES;
				CODE_SIGN_IDENTITY = "iPhone Developer";
				COPY_PHASE_STRIP = NO;
				DEBUG_INFORMATION_FORMAT = dwarf;
				ENABLE_STRICT_OBJC_MSGSEND = YES;
				ENABLE_TESTABILITY = YES;
				GCC_C_LANGUAGE_STANDARD = gnu11;
				GCC_DYNAMIC_NO_PIC = NO;
				GCC_NO_COMMON_BLOCKS = YES;
				GCC_OPTIMIZATION_LEVEL = 0;
				GCC_PREPROCESSOR_DEFINITIONS = (
					"DEBUG=1",
					"$(inherited)",
				);
				GCC_WARN_64_TO_32_BIT_CONVERSION = YES;
				GCC_WARN_ABOUT_RETURN_TYPE = YES_ERROR;
				GCC_WARN_UNDECLARED_SELECTOR = YES;
				GCC_WARN_UNINITIALIZED_AUTOS = YES_AGGRESSIVE;
				GCC_WARN_UNUSED_FUNCTION = YES;
				GCC_WARN_UNUSED_VARIABLE = YES;
				IPHONEOS_DEPLOYMENT_TARGET = 12.1;
				MTL_ENABLE_DEBUG_INFO = INCLUDE_SOURCE;
				MTL_FAST_MATH = YES;
				ONLY_ACTIVE_ARCH = YES;
				SDKROOT = iphoneos;
				SWIFT_ACTIVE_COMPILATION_CONDITIONS = DEBUG;
				SWIFT_OPTIMIZATION_LEVEL = "-Onone";
			};
			name = Debug;
		};
		FBDFE64A2220DDA600771AC1 /* Release */ = {
			isa = XCBuildConfiguration;
			buildSettings = {
				ALWAYS_SEARCH_USER_PATHS = NO;
				CLANG_ANALYZER_NONNULL = YES;
				CLANG_ANALYZER_NUMBER_OBJECT_CONVERSION = YES_AGGRESSIVE;
				CLANG_CXX_LANGUAGE_STANDARD = "gnu++14";
				CLANG_CXX_LIBRARY = "libc++";
				CLANG_ENABLE_MODULES = YES;
				CLANG_ENABLE_OBJC_ARC = YES;
				CLANG_ENABLE_OBJC_WEAK = YES;
				CLANG_WARN_BLOCK_CAPTURE_AUTORELEASING = YES;
				CLANG_WARN_BOOL_CONVERSION = YES;
				CLANG_WARN_COMMA = YES;
				CLANG_WARN_CONSTANT_CONVERSION = YES;
				CLANG_WARN_DEPRECATED_OBJC_IMPLEMENTATIONS = YES;
				CLANG_WARN_DIRECT_OBJC_ISA_USAGE = YES_ERROR;
				CLANG_WARN_DOCUMENTATION_COMMENTS = YES;
				CLANG_WARN_EMPTY_BODY = YES;
				CLANG_WARN_ENUM_CONVERSION = YES;
				CLANG_WARN_INFINITE_RECURSION = YES;
				CLANG_WARN_INT_CONVERSION = YES;
				CLANG_WARN_NON_LITERAL_NULL_CONVERSION = YES;
				CLANG_WARN_OBJC_IMPLICIT_RETAIN_SELF = YES;
				CLANG_WARN_OBJC_LITERAL_CONVERSION = YES;
				CLANG_WARN_OBJC_ROOT_CLASS = YES_ERROR;
				CLANG_WARN_RANGE_LOOP_ANALYSIS = YES;
				CLANG_WARN_STRICT_PROTOTYPES = YES;
				CLANG_WARN_SUSPICIOUS_MOVE = YES;
				CLANG_WARN_UNGUARDED_AVAILABILITY = YES_AGGRESSIVE;
				CLANG_WARN_UNREACHABLE_CODE = YES;
				CLANG_WARN__DUPLICATE_METHOD_MATCH = YES;
				CODE_SIGN_IDENTITY = "iPhone Developer";
				COPY_PHASE_STRIP = NO;
				DEBUG_INFORMATION_FORMAT = "dwarf-with-dsym";
				ENABLE_NS_ASSERTIONS = NO;
				ENABLE_STRICT_OBJC_MSGSEND = YES;
				GCC_C_LANGUAGE_STANDARD = gnu11;
				GCC_NO_COMMON_BLOCKS = YES;
				GCC_WARN_64_TO_32_BIT_CONVERSION = YES;
				GCC_WARN_ABOUT_RETURN_TYPE = YES_ERROR;
				GCC_WARN_UNDECLARED_SELECTOR = YES;
				GCC_WARN_UNINITIALIZED_AUTOS = YES_AGGRESSIVE;
				GCC_WARN_UNUSED_FUNCTION = YES;
				GCC_WARN_UNUSED_VARIABLE = YES;
				IPHONEOS_DEPLOYMENT_TARGET = 12.1;
				MTL_ENABLE_DEBUG_INFO = NO;
				MTL_FAST_MATH = YES;
				SDKROOT = iphoneos;
				SWIFT_COMPILATION_MODE = wholemodule;
				SWIFT_OPTIMIZATION_LEVEL = "-O";
				VALIDATE_PRODUCT = YES;
			};
			name = Release;
		};
		FBDFE64C2220DDA600771AC1 /* Debug */ = {
			isa = XCBuildConfiguration;
			baseConfigurationReference = 868AFBB1B61EAF2CE6D4CE93 /* Pods-Flix.debug.xcconfig */;
			buildSettings = {
				ASSETCATALOG_COMPILER_APPICON_NAME = AppIcon;
				CODE_SIGN_STYLE = Automatic;
				DEVELOPMENT_TEAM = VAM3A58Y83;
				INFOPLIST_FILE = Flix/Info.plist;
				LD_RUNPATH_SEARCH_PATHS = (
					"$(inherited)",
					"@executable_path/Frameworks",
				);
				PRODUCT_BUNDLE_IDENTIFIER = edu.nyu.cs.kc3585.Flix;
				PRODUCT_NAME = "$(TARGET_NAME)";
				SWIFT_VERSION = 4.2;
				TARGETED_DEVICE_FAMILY = "1,2";
			};
			name = Debug;
		};
		FBDFE64D2220DDA600771AC1 /* Release */ = {
			isa = XCBuildConfiguration;
			baseConfigurationReference = 6CA236570B2A340733C64D54 /* Pods-Flix.release.xcconfig */;
			buildSettings = {
				ASSETCATALOG_COMPILER_APPICON_NAME = AppIcon;
				CODE_SIGN_STYLE = Automatic;
				DEVELOPMENT_TEAM = VAM3A58Y83;
				INFOPLIST_FILE = Flix/Info.plist;
				LD_RUNPATH_SEARCH_PATHS = (
					"$(inherited)",
					"@executable_path/Frameworks",
				);
				PRODUCT_BUNDLE_IDENTIFIER = edu.nyu.cs.kc3585.Flix;
				PRODUCT_NAME = "$(TARGET_NAME)";
				SWIFT_VERSION = 4.2;
				TARGETED_DEVICE_FAMILY = "1,2";
			};
			name = Release;
		};
		FBDFE64F2220DDA600771AC1 /* Debug */ = {
			isa = XCBuildConfiguration;
			baseConfigurationReference = BAF714C6D52AA4892719168A /* Pods-FlixTests.debug.xcconfig */;
			buildSettings = {
				ALWAYS_EMBED_SWIFT_STANDARD_LIBRARIES = YES;
				BUNDLE_LOADER = "$(TEST_HOST)";
				CODE_SIGN_STYLE = Automatic;
				DEVELOPMENT_TEAM = VAM3A58Y83;
				INFOPLIST_FILE = FlixTests/Info.plist;
				LD_RUNPATH_SEARCH_PATHS = (
					"$(inherited)",
					"@executable_path/Frameworks",
					"@loader_path/Frameworks",
				);
				PRODUCT_BUNDLE_IDENTIFIER = edu.nyu.cs.kc3585.FlixTests;
				PRODUCT_NAME = "$(TARGET_NAME)";
				SWIFT_VERSION = 4.2;
				TARGETED_DEVICE_FAMILY = "1,2";
				TEST_HOST = "$(BUILT_PRODUCTS_DIR)/Flix.app/Flix";
			};
			name = Debug;
		};
		FBDFE6502220DDA600771AC1 /* Release */ = {
			isa = XCBuildConfiguration;
			baseConfigurationReference = 986D77B235D5BA11B4C01AAA /* Pods-FlixTests.release.xcconfig */;
			buildSettings = {
				ALWAYS_EMBED_SWIFT_STANDARD_LIBRARIES = YES;
				BUNDLE_LOADER = "$(TEST_HOST)";
				CODE_SIGN_STYLE = Automatic;
				DEVELOPMENT_TEAM = VAM3A58Y83;
				INFOPLIST_FILE = FlixTests/Info.plist;
				LD_RUNPATH_SEARCH_PATHS = (
					"$(inherited)",
					"@executable_path/Frameworks",
					"@loader_path/Frameworks",
				);
				PRODUCT_BUNDLE_IDENTIFIER = edu.nyu.cs.kc3585.FlixTests;
				PRODUCT_NAME = "$(TARGET_NAME)";
				SWIFT_VERSION = 4.2;
				TARGETED_DEVICE_FAMILY = "1,2";
				TEST_HOST = "$(BUILT_PRODUCTS_DIR)/Flix.app/Flix";
			};
			name = Release;
		};
		FBDFE6522220DDA600771AC1 /* Debug */ = {
			isa = XCBuildConfiguration;
			baseConfigurationReference = 31E74C808849F00AEAFCAE72 /* Pods-FlixUITests.debug.xcconfig */;
			buildSettings = {
				ALWAYS_EMBED_SWIFT_STANDARD_LIBRARIES = YES;
				CODE_SIGN_STYLE = Automatic;
				DEVELOPMENT_TEAM = VAM3A58Y83;
				INFOPLIST_FILE = FlixUITests/Info.plist;
				LD_RUNPATH_SEARCH_PATHS = (
					"$(inherited)",
					"@executable_path/Frameworks",
					"@loader_path/Frameworks",
				);
				PRODUCT_BUNDLE_IDENTIFIER = edu.nyu.cs.kc3585.FlixUITests;
				PRODUCT_NAME = "$(TARGET_NAME)";
				SWIFT_VERSION = 4.2;
				TARGETED_DEVICE_FAMILY = "1,2";
				TEST_TARGET_NAME = Flix;
			};
			name = Debug;
		};
		FBDFE6532220DDA600771AC1 /* Release */ = {
			isa = XCBuildConfiguration;
			baseConfigurationReference = C4412D4D8B76C4F1E5482395 /* Pods-FlixUITests.release.xcconfig */;
			buildSettings = {
				ALWAYS_EMBED_SWIFT_STANDARD_LIBRARIES = YES;
				CODE_SIGN_STYLE = Automatic;
				DEVELOPMENT_TEAM = VAM3A58Y83;
				INFOPLIST_FILE = FlixUITests/Info.plist;
				LD_RUNPATH_SEARCH_PATHS = (
					"$(inherited)",
					"@executable_path/Frameworks",
					"@loader_path/Frameworks",
				);
				PRODUCT_BUNDLE_IDENTIFIER = edu.nyu.cs.kc3585.FlixUITests;
				PRODUCT_NAME = "$(TARGET_NAME)";
				SWIFT_VERSION = 4.2;
				TARGETED_DEVICE_FAMILY = "1,2";
				TEST_TARGET_NAME = Flix;
			};
			name = Release;
		};
/* End XCBuildConfiguration section */

/* Begin XCConfigurationList section */
		FBDFE61E2220DDA500771AC1 /* Build configuration list for PBXProject "Flix" */ = {
			isa = XCConfigurationList;
			buildConfigurations = (
				FBDFE6492220DDA600771AC1 /* Debug */,
				FBDFE64A2220DDA600771AC1 /* Release */,
			);
			defaultConfigurationIsVisible = 0;
			defaultConfigurationName = Release;
		};
		FBDFE64B2220DDA600771AC1 /* Build configuration list for PBXNativeTarget "Flix" */ = {
			isa = XCConfigurationList;
			buildConfigurations = (
				FBDFE64C2220DDA600771AC1 /* Debug */,
				FBDFE64D2220DDA600771AC1 /* Release */,
			);
			defaultConfigurationIsVisible = 0;
			defaultConfigurationName = Release;
		};
		FBDFE64E2220DDA600771AC1 /* Build configuration list for PBXNativeTarget "FlixTests" */ = {
			isa = XCConfigurationList;
			buildConfigurations = (
				FBDFE64F2220DDA600771AC1 /* Debug */,
				FBDFE6502220DDA600771AC1 /* Release */,
			);
			defaultConfigurationIsVisible = 0;
			defaultConfigurationName = Release;
		};
		FBDFE6512220DDA600771AC1 /* Build configuration list for PBXNativeTarget "FlixUITests" */ = {
			isa = XCConfigurationList;
			buildConfigurations = (
				FBDFE6522220DDA600771AC1 /* Debug */,
				FBDFE6532220DDA600771AC1 /* Release */,
			);
			defaultConfigurationIsVisible = 0;
			defaultConfigurationName = Release;
		};
/* End XCConfigurationList section */
	};
	rootObject = FBDFE61B2220DDA500771AC1 /* Project object */;
}
