// !$*UTF8*$!
{
	archiveVersion = 1;
	classes = {
	};
	objectVersion = 50;
	objects = {

/* Begin PBXBuildFile section */
		FBDFE6272220DDA500771AC1 /* AppDelegate.swift in Sources */ = {isa = PBXBuildFile; fileRef = FBDFE6262220DDA500771AC1 /* AppDelegate.swift */; };
		FBDFE6292220DDA500771AC1 /* ViewController.swift in Sources */ = {isa = PBXBuildFile; fileRef = FBDFE6282220DDA500771AC1 /* ViewController.swift */; };
		FBDFE62C2220DDA500771AC1 /* Main.storyboard in Resources */ = {isa = PBXBuildFile; fileRef = FBDFE62A2220DDA500771AC1 /* Main.storyboard */; };
		FBDFE62E2220DDA600771AC1 /* Assets.xcassets in Resources */ = {isa = PBXBuildFile; fileRef = FBDFE62D2220DDA600771AC1 /* Assets.xcassets */; };
		FBDFE6312220DDA600771AC1 /* LaunchScreen.storyboard in Resources */ = {isa = PBXBuildFile; fileRef = FBDFE62F2220DDA600771AC1 /* LaunchScreen.storyboard */; };
		FBDFE63C2220DDA600771AC1 /* FlixTests.swift in Sources */ = {isa = PBXBuildFile; fileRef = FBDFE63B2220DDA600771AC1 /* FlixTests.swift */; };
		FBDFE6472220DDA600771AC1 /* FlixUITests.swift in Sources */ = {isa = PBXBuildFile; fileRef = FBDFE6462220DDA600771AC1 /* FlixUITests.swift */; };
/* End PBXBuildFile section */

/* Begin PBXContainerItemProxy section */
		FBDFE6382220DDA600771AC1 /* PBXContainerItemProxy */ = {
			isa = PBXContainerItemProxy;
			containerPortal = FBDFE61B2220DDA500771AC1 /* Project object */;
			proxyType = 1;
			remoteGlobalIDString = FBDFE6222220DDA500771AC1;
			remoteInfo = Flix;
		};
		FBDFE6432220DDA600771AC1 /* PBXContainerItemProxy */ = {
			isa = PBXContainerItemProxy;
			containerPortal = FBDFE61B2220DDA500771AC1 /* Project object */;
			proxyType = 1;
			remoteGlobalIDString = FBDFE6222220DDA500771AC1;
			remoteInfo = Flix;
		};
/* End PBXContainerItemProxy section */

/* Begin PBXFileReference section */
		FBDFE6232220DDA500771AC1 /* Flix.app */ = {isa = PBXFileReference; explicitFileType = wrapper.application; includeInIndex = 0; path = Flix.app; sourceTree = BUILT_PRODUCTS_DIR; };
		FBDFE6262220DDA500771AC1 /* AppDelegate.swift */ = {isa = PBXFileReference; lastKnownFileType = sourcecode.swift; path = AppDelegate.swift; sourceTree = "<group>"; };
		FBDFE6282220DDA500771AC1 /* ViewController.swift */ = {isa = PBXFileReference; lastKnownFileType = sourcecode.swift; path = ViewController.swift; sourceTree = "<group>"; };
		FBDFE62B2220DDA500771AC1 /* Base */ = {isa = PBXFileReference; lastKnownFileType = file.storyboard; name = Base; path = Base.lproj/Main.storyboard; sourceTree = "<group>"; };
		FBDFE62D2220DDA600771AC1 /* Assets.xcassets */ = {isa = PBXFileReference; lastKnownFileType = folder.assetcatalog; path = Assets.xcassets; sourceTree = "<group>"; };
		FBDFE6302220DDA600771AC1 /* Base */ = {isa = PBXFileReference; lastKnownFileType = file.storyboard; name = Base; path = Base.lproj/LaunchScreen.storyboard; sourceTree = "<group>"; };
		FBDFE6322220DDA600771AC1 /* Info.plist */ = {isa = PBXFileReference; lastKnownFileType = text.plist.xml; path = Info.plist; sourceTree = "<group>"; };
		FBDFE6372220DDA600771AC1 /* FlixTests.xctest */ = {isa = PBXFileReference; explicitFileType = wrapper.cfbundle; includeInIndex = 0; path = FlixTests.xctest; sourceTree = BUILT_PRODUCTS_DIR; };
		FBDFE63B2220DDA600771AC1 /* FlixTests.swift */ = {isa = PBXFileReference; lastKnownFileType = sourcecode.swift; path = FlixTests.swift; sourceTree = "<group>"; };
		FBDFE63D2220DDA600771AC1 /* Info.plist */ = {isa = PBXFileReference; lastKnownFileType = text.plist.xml; path = Info.plist; sourceTree = "<group>"; };
		FBDFE6422220DDA600771AC1 /* FlixUITests.xctest */ = {isa = PBXFileReference; explicitFileType = wrapper.cfbundle; includeInIndex = 0; path = FlixUITests.xctest; sourceTree = BUILT_PRODUCTS_DIR; };
		FBDFE6462220DDA600771AC1 /* FlixUITests.swift */ = {isa = PBXFileReference; lastKnownFileType = sourcecode.swift; path = FlixUITests.swift; sourceTree = "<group>"; };
		FBDFE6482220DDA600771AC1 /* Info.plist */ = {isa = PBXFileReference; lastKnownFileType = text.plist.xml; path = Info.plist; sourceTree = "<group>"; };
/* End PBXFileReference section */

/* Begin PBXFrameworksBuildPhase section */
		FBDFE6202220DDA500771AC1 /* Frameworks */ = {
			isa = PBXFrameworksBuildPhase;
			buildActionMask = 2147483647;
			files = (
			);
			runOnlyForDeploymentPostprocessing = 0;
		};
		FBDFE6342220DDA600771AC1 /* Frameworks */ = {
			isa = PBXFrameworksBuildPhase;
			buildActionMask = 2147483647;
			files = (
			);
			runOnlyForDeploymentPostprocessing = 0;
		};
		FBDFE63F2220DDA600771AC1 /* Frameworks */ = {
			isa = PBXFrameworksBuildPhase;
			buildActionMask = 2147483647;
			files = (
			);
			runOnlyForDeploymentPostprocessing = 0;
		};
/* End PBXFrameworksBuildPhase section */

/* Begin PBXGroup section */
		FBDFE61A2220DDA500771AC1 = {
			isa = PBXGroup;
			children = (
				FBDFE6252220DDA500771AC1 /* Flix */,
				FBDFE63A2220DDA600771AC1 /* FlixTests */,
				FBDFE6452220DDA600771AC1 /* FlixUITests */,
				FBDFE6242220DDA500771AC1 /* Products */,
			);
			sourceTree = "<group>";
		};
		FBDFE6242220DDA500771AC1 /* Products */ = {
			isa = PBXGroup;
			children = (
				FBDFE6232220DDA500771AC1 /* Flix.app */,
				FBDFE6372220DDA600771AC1 /* FlixTests.xctest */,
				FBDFE6422220DDA600771AC1 /* FlixUITests.xctest */,
			);
			name = Products;
			sourceTree = "<group>";
		};
		FBDFE6252220DDA500771AC1 /* Flix */ = {
			isa = PBXGroup;
			children = (
				FBDFE6262220DDA500771AC1 /* AppDelegate.swift */,
				FBDFE6282220DDA500771AC1 /* ViewController.swift */,
				FBDFE62A2220DDA500771AC1 /* Main.storyboard */,
				FBDFE62D2220DDA600771AC1 /* Assets.xcassets */,
				FBDFE62F2220DDA600771AC1 /* LaunchScreen.storyboard */,
				FBDFE6322220DDA600771AC1 /* Info.plist */,
			);
			path = Flix;
			sourceTree = "<group>";
		};
		FBDFE63A2220DDA600771AC1 /* FlixTests */ = {
			isa = PBXGroup;
			children = (
				FBDFE63B2220DDA600771AC1 /* FlixTests.swift */,
				FBDFE63D2220DDA600771AC1 /* Info.plist */,
			);
			path = FlixTests;
			sourceTree = "<group>";
		};
		FBDFE6452220DDA600771AC1 /* FlixUITests */ = {
			isa = PBXGroup;
			children = (
				FBDFE6462220DDA600771AC1 /* FlixUITests.swift */,
				FBDFE6482220DDA600771AC1 /* Info.plist */,
			);
			path = FlixUITests;
			sourceTree = "<group>";
		};
/* End PBXGroup section */

/* Begin PBXNativeTarget section */
		FBDFE6222220DDA500771AC1 /* Flix */ = {
			isa = PBXNativeTarget;
			buildConfigurationList = FBDFE64B2220DDA600771AC1 /* Build configuration list for PBXNativeTarget "Flix" */;
			buildPhases = (
				FBDFE61F2220DDA500771AC1 /* Sources */,
				FBDFE6202220DDA500771AC1 /* Frameworks */,
				FBDFE6212220DDA500771AC1 /* Resources */,
			);
			buildRules = (
			);
			dependencies = (
			);
			name = Flix;
			productName = Flix;
			productReference = FBDFE6232220DDA500771AC1 /* Flix.app */;
			productType = "com.apple.product-type.application";
		};
		FBDFE6362220DDA600771AC1 /* FlixTests */ = {
			isa = PBXNativeTarget;
			buildConfigurationList = FBDFE64E2220DDA600771AC1 /* Build configuration list for PBXNativeTarget "FlixTests" */;
			buildPhases = (
				FBDFE6332220DDA600771AC1 /* Sources */,
				FBDFE6342220DDA600771AC1 /* Frameworks */,
				FBDFE6352220DDA600771AC1 /* Resources */,
			);
			buildRules = (
			);
			dependencies = (
				FBDFE6392220DDA600771AC1 /* PBXTargetDependency */,
			);
			name = FlixTests;
			productName = FlixTests;
			productReference = FBDFE6372220DDA600771AC1 /* FlixTests.xctest */;
			productType = "com.apple.product-type.bundle.unit-test";
		};
		FBDFE6412220DDA600771AC1 /* FlixUITests */ = {
			isa = PBXNativeTarget;
			buildConfigurationList = FBDFE6512220DDA600771AC1 /* Build configuration list for PBXNativeTarget "FlixUITests" */;
			buildPhases = (
				FBDFE63E2220DDA600771AC1 /* Sources */,
				FBDFE63F2220DDA600771AC1 /* Frameworks */,
				FBDFE6402220DDA600771AC1 /* Resources */,
			);
			buildRules = (
			);
			dependencies = (
				FBDFE6442220DDA600771AC1 /* PBXTargetDependency */,
			);
			name = FlixUITests;
			productName = FlixUITests;
			productReference = FBDFE6422220DDA600771AC1 /* FlixUITests.xctest */;
			productType = "com.apple.product-type.bundle.ui-testing";
		};
/* End PBXNativeTarget section */

/* Begin PBXProject section */
		FBDFE61B2220DDA500771AC1 /* Project object */ = {
			isa = PBXProject;
			attributes = {
				LastSwiftUpdateCheck = 1010;
				LastUpgradeCheck = 1010;
				ORGANIZATIONNAME = "New York University";
				TargetAttributes = {
					FBDFE6222220DDA500771AC1 = {
						CreatedOnToolsVersion = 10.1;
					};
					FBDFE6362220DDA600771AC1 = {
						CreatedOnToolsVersion = 10.1;
						TestTargetID = FBDFE6222220DDA500771AC1;
					};
					FBDFE6412220DDA600771AC1 = {
						CreatedOnToolsVersion = 10.1;
						TestTargetID = FBDFE6222220DDA500771AC1;
					};
				};
			};
			buildConfigurationList = FBDFE61E2220DDA500771AC1 /* Build configuration list for PBXProject "Flix" */;
			compatibilityVersion = "Xcode 9.3";
			developmentRegion = en;
			hasScannedForEncodings = 0;
			knownRegions = (
				en,
				Base,
			);
			mainGroup = FBDFE61A2220DDA500771AC1;
			productRefGroup = FBDFE6242220DDA500771AC1 /* Products */;
			projectDirPath = "";
			projectRoot = "";
			targets = (
				FBDFE6222220DDA500771AC1 /* Flix */,
				FBDFE6362220DDA600771AC1 /* FlixTests */,
				FBDFE6412220DDA600771AC1 /* FlixUITests */,
			);
		};
/* End PBXProject section */

/* Begin PBXResourcesBuildPhase section */
		FBDFE6212220DDA500771AC1 /* Resources */ = {
			isa = PBXResourcesBuildPhase;
			buildActionMask = 2147483647;
			files = (
				FBDFE6312220DDA600771AC1 /* LaunchScreen.storyboard in Resources */,
				FBDFE62E2220DDA600771AC1 /* Assets.xcassets in Resources */,
				FBDFE62C2220DDA500771AC1 /* Main.storyboard in Resources */,
			);
			runOnlyForDeploymentPostprocessing = 0;
		};
		FBDFE6352220DDA600771AC1 /* Resources */ = {
			isa = PBXResourcesBuildPhase;
			buildActionMask = 2147483647;
			files = (
			);
			runOnlyForDeploymentPostprocessing = 0;
		};
		FBDFE6402220DDA600771AC1 /* Resources */ = {
			isa = PBXResourcesBuildPhase;
			buildActionMask = 2147483647;
			files = (
			);
			runOnlyForDeploymentPostprocessing = 0;
		};
/* End PBXResourcesBuildPhase section */

/* Begin PBXSourcesBuildPhase section */
		FBDFE61F2220DDA500771AC1 /* Sources */ = {
			isa = PBXSourcesBuildPhase;
			buildActionMask = 2147483647;
			files = (
				FBDFE6292220DDA500771AC1 /* ViewController.swift in Sources */,
				FBDFE6272220DDA500771AC1 /* AppDelegate.swift in Sources */,
			);
			runOnlyForDeploymentPostprocessing = 0;
		};
		FBDFE6332220DDA600771AC1 /* Sources */ = {
			isa = PBXSourcesBuildPhase;
			buildActionMask = 2147483647;
			files = (
				FBDFE63C2220DDA600771AC1 /* FlixTests.swift in Sources */,
			);
			runOnlyForDeploymentPostprocessing = 0;
		};
		FBDFE63E2220DDA600771AC1 /* Sources */ = {
			isa = PBXSourcesBuildPhase;
			buildActionMask = 2147483647;
			files = (
				FBDFE6472220DDA600771AC1 /* FlixUITests.swift in Sources */,
			);
			runOnlyForDeploymentPostprocessing = 0;
		};
/* End PBXSourcesBuildPhase section */

/* Begin PBXTargetDependency section */
		FBDFE6392220DDA600771AC1 /* PBXTargetDependency */ = {
			isa = PBXTargetDependency;
			target = FBDFE6222220DDA500771AC1 /* Flix */;
			targetProxy = FBDFE6382220DDA600771AC1 /* PBXContainerItemProxy */;
		};
		FBDFE6442220DDA600771AC1 /* PBXTargetDependency */ = {
			isa = PBXTargetDependency;
			target = FBDFE6222220DDA500771AC1 /* Flix */;
			targetProxy = FBDFE6432220DDA600771AC1 /* PBXContainerItemProxy */;
		};
/* End PBXTargetDependency section */

/* Begin PBXVariantGroup section */
		FBDFE62A2220DDA500771AC1 /* Main.storyboard */ = {
			isa = PBXVariantGroup;
			children = (
				FBDFE62B2220DDA500771AC1 /* Base */,
			);
			name = Main.storyboard;
			sourceTree = "<group>";
		};
		FBDFE62F2220DDA600771AC1 /* LaunchScreen.storyboard */ = {
			isa = PBXVariantGroup;
			children = (
				FBDFE6302220DDA600771AC1 /* Base */,
			);
			name = LaunchScreen.storyboard;
			sourceTree = "<group>";
		};
/* End PBXVariantGroup section */

/* Begin XCBuildConfiguration section */
		FBDFE6492220DDA600771AC1 /* Debug */ = {
			isa = XCBuildConfiguration;
			buildSettings = {
				ALWAYS_SEARCH_USER_PATHS = NO;
				CLANG_ANALYZER_NONNULL = YES;
				CLANG_ANALYZER_NUMBER_OBJECT_CONVERSION = YES_AGGRESSIVE;
				CLANG_CXX_LANGUAGE_STANDARD = "gnu++14";
				CLANG_CXX_LIBRARY = "libc++";
				CLANG_ENABLE_MODULES = YES;
				CLANG_ENABLE_OBJC_ARC = YES;
				CLANG_ENABLE_OBJC_WEAK = YES;
				CLANG_WARN_BLOCK_CAPTURE_AUTORELEASING = YES;
				CLANG_WARN_BOOL_CONVERSION = YES;
				CLANG_WARN_COMMA = YES;
				CLANG_WARN_CONSTANT_CONVERSION = YES;
				CLANG_WARN_DEPRECATED_OBJC_IMPLEMENTATIONS = YES;
				CLANG_WARN_DIRECT_OBJC_ISA_USAGE = YES_ERROR;
				CLANG_WARN_DOCUMENTATION_COMMENTS = YES;
				CLANG_WARN_EMPTY_BODY = YES;
				CLANG_WARN_ENUM_CONVERSION = YES;
				CLANG_WARN_INFINITE_RECURSION = YES;
				CLANG_WARN_INT_CONVERSION = YES;
				CLANG_WARN_NON_LITERAL_NULL_CONVERSION = YES;
				CLANG_WARN_OBJC_IMPLICIT_RETAIN_SELF = YES;
				CLANG_WARN_OBJC_LITERAL_CONVERSION = YES;
				CLANG_WARN_OBJC_ROOT_CLASS = YES_ERROR;
				CLANG_WARN_RANGE_LOOP_ANALYSIS = YES;
				CLANG_WARN_STRICT_PROTOTYPES = YES;
				CLANG_WARN_SUSPICIOUS_MOVE = YES;
				CLANG_WARN_UNGUARDED_AVAILABILITY = YES_AGGRESSIVE;
				CLANG_WARN_UNREACHABLE_CODE = YES;
				CLANG_WARN__DUPLICATE_METHOD_MATCH = YES;
				CODE_SIGN_IDENTITY = "iPhone Developer";
				COPY_PHASE_STRIP = NO;
				DEBUG_INFORMATION_FORMAT = dwarf;
				ENABLE_STRICT_OBJC_MSGSEND = YES;
				ENABLE_TESTABILITY = YES;
				GCC_C_LANGUAGE_STANDARD = gnu11;
				GCC_DYNAMIC_NO_PIC = NO;
				GCC_NO_COMMON_BLOCKS = YES;
				GCC_OPTIMIZATION_LEVEL = 0;
				GCC_PREPROCESSOR_DEFINITIONS = (
					"DEBUG=1",
					"$(inherited)",
				);
				GCC_WARN_64_TO_32_BIT_CONVERSION = YES;
				GCC_WARN_ABOUT_RETURN_TYPE = YES_ERROR;
				GCC_WARN_UNDECLARED_SELECTOR = YES;
				GCC_WARN_UNINITIALIZED_AUTOS = YES_AGGRESSIVE;
				GCC_WARN_UNUSED_FUNCTION = YES;
				GCC_WARN_UNUSED_VARIABLE = YES;
				IPHONEOS_DEPLOYMENT_TARGET = 12.1;
				MTL_ENABLE_DEBUG_INFO = INCLUDE_SOURCE;
				MTL_FAST_MATH = YES;
				ONLY_ACTIVE_ARCH = YES;
				SDKROOT = iphoneos;
				SWIFT_ACTIVE_COMPILATION_CONDITIONS = DEBUG;
				SWIFT_OPTIMIZATION_LEVEL = "-Onone";
			};
			name = Debug;
		};
		FBDFE64A2220DDA600771AC1 /* Release */ = {
			isa = XCBuildConfiguration;
			buildSettings = {
				ALWAYS_SEARCH_USER_PATHS = NO;
				CLANG_ANALYZER_NONNULL = YES;
				CLANG_ANALYZER_NUMBER_OBJECT_CONVERSION = YES_AGGRESSIVE;
				CLANG_CXX_LANGUAGE_STANDARD = "gnu++14";
				CLANG_CXX_LIBRARY = "libc++";
				CLANG_ENABLE_MODULES = YES;
				CLANG_ENABLE_OBJC_ARC = YES;
				CLANG_ENABLE_OBJC_WEAK = YES;
				CLANG_WARN_BLOCK_CAPTURE_AUTORELEASING = YES;
				CLANG_WARN_BOOL_CONVERSION = YES;
				CLANG_WARN_COMMA = YES;
				CLANG_WARN_CONSTANT_CONVERSION = YES;
				CLANG_WARN_DEPRECATED_OBJC_IMPLEMENTATIONS = YES;
				CLANG_WARN_DIRECT_OBJC_ISA_USAGE = YES_ERROR;
				CLANG_WARN_DOCUMENTATION_COMMENTS = YES;
				CLANG_WARN_EMPTY_BODY = YES;
				CLANG_WARN_ENUM_CONVERSION = YES;
				CLANG_WARN_INFINITE_RECURSION = YES;
				CLANG_WARN_INT_CONVERSION = YES;
				CLANG_WARN_NON_LITERAL_NULL_CONVERSION = YES;
				CLANG_WARN_OBJC_IMPLICIT_RETAIN_SELF = YES;
				CLANG_WARN_OBJC_LITERAL_CONVERSION = YES;
				CLANG_WARN_OBJC_ROOT_CLASS = YES_ERROR;
				CLANG_WARN_RANGE_LOOP_ANALYSIS = YES;
				CLANG_WARN_STRICT_PROTOTYPES = YES;
				CLANG_WARN_SUSPICIOUS_MOVE = YES;
				CLANG_WARN_UNGUARDED_AVAILABILITY = YES_AGGRESSIVE;
				CLANG_WARN_UNREACHABLE_CODE = YES;
				CLANG_WARN__DUPLICATE_METHOD_MATCH = YES;
				CODE_SIGN_IDENTITY = "iPhone Developer";
				COPY_PHASE_STRIP = NO;
				DEBUG_INFORMATION_FORMAT = "dwarf-with-dsym";
				ENABLE_NS_ASSERTIONS = NO;
				ENABLE_STRICT_OBJC_MSGSEND = YES;
				GCC_C_LANGUAGE_STANDARD = gnu11;
				GCC_NO_COMMON_BLOCKS = YES;
				GCC_WARN_64_TO_32_BIT_CONVERSION = YES;
				GCC_WARN_ABOUT_RETURN_TYPE = YES_ERROR;
				GCC_WARN_UNDECLARED_SELECTOR = YES;
				GCC_WARN_UNINITIALIZED_AUTOS = YES_AGGRESSIVE;
				GCC_WARN_UNUSED_FUNCTION = YES;
				GCC_WARN_UNUSED_VARIABLE = YES;
				IPHONEOS_DEPLOYMENT_TARGET = 12.1;
				MTL_ENABLE_DEBUG_INFO = NO;
				MTL_FAST_MATH = YES;
				SDKROOT = iphoneos;
				SWIFT_COMPILATION_MODE = wholemodule;
				SWIFT_OPTIMIZATION_LEVEL = "-O";
				VALIDATE_PRODUCT = YES;
			};
			name = Release;
		};
		FBDFE64C2220DDA600771AC1 /* Debug */ = {
			isa = XCBuildConfiguration;
			buildSettings = {
				ASSETCATALOG_COMPILER_APPICON_NAME = AppIcon;
				CODE_SIGN_STYLE = Automatic;
				DEVELOPMENT_TEAM = VAM3A58Y83;
				INFOPLIST_FILE = Flix/Info.plist;
				LD_RUNPATH_SEARCH_PATHS = (
					"$(inherited)",
					"@executable_path/Frameworks",
				);
				PRODUCT_BUNDLE_IDENTIFIER = edu.nyu.cs.kc3585.Flix;
				PRODUCT_NAME = "$(TARGET_NAME)";
				SWIFT_VERSION = 4.2;
				TARGETED_DEVICE_FAMILY = "1,2";
			};
			name = Debug;
		};
		FBDFE64D2220DDA600771AC1 /* Release */ = {
			isa = XCBuildConfiguration;
			buildSettings = {
				ASSETCATALOG_COMPILER_APPICON_NAME = AppIcon;
				CODE_SIGN_STYLE = Automatic;
				DEVELOPMENT_TEAM = VAM3A58Y83;
				INFOPLIST_FILE = Flix/Info.plist;
				LD_RUNPATH_SEARCH_PATHS = (
					"$(inherited)",
					"@executable_path/Frameworks",
				);
				PRODUCT_BUNDLE_IDENTIFIER = edu.nyu.cs.kc3585.Flix;
				PRODUCT_NAME = "$(TARGET_NAME)";
				SWIFT_VERSION = 4.2;
				TARGETED_DEVICE_FAMILY = "1,2";
			};
			name = Release;
		};
		FBDFE64F2220DDA600771AC1 /* Debug */ = {
			isa = XCBuildConfiguration;
			buildSettings = {
				ALWAYS_EMBED_SWIFT_STANDARD_LIBRARIES = YES;
				BUNDLE_LOADER = "$(TEST_HOST)";
				CODE_SIGN_STYLE = Automatic;
				DEVELOPMENT_TEAM = VAM3A58Y83;
				INFOPLIST_FILE = FlixTests/Info.plist;
				LD_RUNPATH_SEARCH_PATHS = (
					"$(inherited)",
					"@executable_path/Frameworks",
					"@loader_path/Frameworks",
				);
				PRODUCT_BUNDLE_IDENTIFIER = edu.nyu.cs.kc3585.FlixTests;
				PRODUCT_NAME = "$(TARGET_NAME)";
				SWIFT_VERSION = 4.2;
				TARGETED_DEVICE_FAMILY = "1,2";
				TEST_HOST = "$(BUILT_PRODUCTS_DIR)/Flix.app/Flix";
			};
			name = Debug;
		};
		FBDFE6502220DDA600771AC1 /* Release */ = {
			isa = XCBuildConfiguration;
			buildSettings = {
				ALWAYS_EMBED_SWIFT_STANDARD_LIBRARIES = YES;
				BUNDLE_LOADER = "$(TEST_HOST)";
				CODE_SIGN_STYLE = Automatic;
				DEVELOPMENT_TEAM = VAM3A58Y83;
				INFOPLIST_FILE = FlixTests/Info.plist;
				LD_RUNPATH_SEARCH_PATHS = (
					"$(inherited)",
					"@executable_path/Frameworks",
					"@loader_path/Frameworks",
				);
				PRODUCT_BUNDLE_IDENTIFIER = edu.nyu.cs.kc3585.FlixTests;
				PRODUCT_NAME = "$(TARGET_NAME)";
				SWIFT_VERSION = 4.2;
				TARGETED_DEVICE_FAMILY = "1,2";
				TEST_HOST = "$(BUILT_PRODUCTS_DIR)/Flix.app/Flix";
			};
			name = Release;
		};
		FBDFE6522220DDA600771AC1 /* Debug */ = {
			isa = XCBuildConfiguration;
			buildSettings = {
				ALWAYS_EMBED_SWIFT_STANDARD_LIBRARIES = YES;
				CODE_SIGN_STYLE = Automatic;
				DEVELOPMENT_TEAM = VAM3A58Y83;
				INFOPLIST_FILE = FlixUITests/Info.plist;
				LD_RUNPATH_SEARCH_PATHS = (
					"$(inherited)",
					"@executable_path/Frameworks",
					"@loader_path/Frameworks",
				);
				PRODUCT_BUNDLE_IDENTIFIER = edu.nyu.cs.kc3585.FlixUITests;
				PRODUCT_NAME = "$(TARGET_NAME)";
				SWIFT_VERSION = 4.2;
				TARGETED_DEVICE_FAMILY = "1,2";
				TEST_TARGET_NAME = Flix;
			};
			name = Debug;
		};
		FBDFE6532220DDA600771AC1 /* Release */ = {
			isa = XCBuildConfiguration;
			buildSettings = {
				ALWAYS_EMBED_SWIFT_STANDARD_LIBRARIES = YES;
				CODE_SIGN_STYLE = Automatic;
				DEVELOPMENT_TEAM = VAM3A58Y83;
				INFOPLIST_FILE = FlixUITests/Info.plist;
				LD_RUNPATH_SEARCH_PATHS = (
					"$(inherited)",
					"@executable_path/Frameworks",
					"@loader_path/Frameworks",
				);
				PRODUCT_BUNDLE_IDENTIFIER = edu.nyu.cs.kc3585.FlixUITests;
				PRODUCT_NAME = "$(TARGET_NAME)";
				SWIFT_VERSION = 4.2;
				TARGETED_DEVICE_FAMILY = "1,2";
				TEST_TARGET_NAME = Flix;
			};
			name = Release;
		};
/* End XCBuildConfiguration section */

/* Begin XCConfigurationList section */
		FBDFE61E2220DDA500771AC1 /* Build configuration list for PBXProject "Flix" */ = {
			isa = XCConfigurationList;
			buildConfigurations = (
				FBDFE6492220DDA600771AC1 /* Debug */,
				FBDFE64A2220DDA600771AC1 /* Release */,
			);
			defaultConfigurationIsVisible = 0;
			defaultConfigurationName = Release;
		};
		FBDFE64B2220DDA600771AC1 /* Build configuration list for PBXNativeTarget "Flix" */ = {
			isa = XCConfigurationList;
			buildConfigurations = (
				FBDFE64C2220DDA600771AC1 /* Debug */,
				FBDFE64D2220DDA600771AC1 /* Release */,
			);
			defaultConfigurationIsVisible = 0;
			defaultConfigurationName = Release;
		};
		FBDFE64E2220DDA600771AC1 /* Build configuration list for PBXNativeTarget "FlixTests" */ = {
			isa = XCConfigurationList;
			buildConfigurations = (
				FBDFE64F2220DDA600771AC1 /* Debug */,
				FBDFE6502220DDA600771AC1 /* Release */,
			);
			defaultConfigurationIsVisible = 0;
			defaultConfigurationName = Release;
		};
		FBDFE6512220DDA600771AC1 /* Build configuration list for PBXNativeTarget "FlixUITests" */ = {
			isa = XCConfigurationList;
			buildConfigurations = (
				FBDFE6522220DDA600771AC1 /* Debug */,
				FBDFE6532220DDA600771AC1 /* Release */,
			);
			defaultConfigurationIsVisible = 0;
			defaultConfigurationName = Release;
		};
/* End XCConfigurationList section */
	};
	rootObject = FBDFE61B2220DDA500771AC1 /* Project object */;
}
